// !$*UTF8*$!
{
	archiveVersion = 1;
	classes = {
	};
	objectVersion = 56;
	objects = {

/* Begin PBXBuildFile section */
		8864E4F928D4D53900D7C7EF /* AppDelegate.swift in Sources */ = {isa = PBXBuildFile; fileRef = 8864E4F828D4D53900D7C7EF /* AppDelegate.swift */; };
		8864E4FB28D4D53900D7C7EF /* SceneDelegate.swift in Sources */ = {isa = PBXBuildFile; fileRef = 8864E4FA28D4D53900D7C7EF /* SceneDelegate.swift */; };
		8864E4FD28D4D53900D7C7EF /* ViewController.swift in Sources */ = {isa = PBXBuildFile; fileRef = 8864E4FC28D4D53900D7C7EF /* ViewController.swift */; };
		8864E50028D4D53900D7C7EF /* Main.storyboard in Resources */ = {isa = PBXBuildFile; fileRef = 8864E4FE28D4D53900D7C7EF /* Main.storyboard */; };
		8864E50228D4D53900D7C7EF /* Assets.xcassets in Resources */ = {isa = PBXBuildFile; fileRef = 8864E50128D4D53900D7C7EF /* Assets.xcassets */; };
		8864E50528D4D53900D7C7EF /* LaunchScreen.storyboard in Resources */ = {isa = PBXBuildFile; fileRef = 8864E50328D4D53900D7C7EF /* LaunchScreen.storyboard */; };
		8864E51028D4D53900D7C7EF /* FlixTests.swift in Sources */ = {isa = PBXBuildFile; fileRef = 8864E50F28D4D53900D7C7EF /* FlixTests.swift */; };
		8864E51A28D4D53900D7C7EF /* FlixUITests.swift in Sources */ = {isa = PBXBuildFile; fileRef = 8864E51928D4D53900D7C7EF /* FlixUITests.swift */; };
		8864E51C28D4D53900D7C7EF /* FlixUITestsLaunchTests.swift in Sources */ = {isa = PBXBuildFile; fileRef = 8864E51B28D4D53900D7C7EF /* FlixUITestsLaunchTests.swift */; };
/* End PBXBuildFile section */

/* Begin PBXContainerItemProxy section */
		8864E50C28D4D53900D7C7EF /* PBXContainerItemProxy */ = {
			isa = PBXContainerItemProxy;
			containerPortal = 8864E4ED28D4D53900D7C7EF /* Project object */;
			proxyType = 1;
			remoteGlobalIDString = 8864E4F428D4D53900D7C7EF;
			remoteInfo = Flix;
		};
		8864E51628D4D53900D7C7EF /* PBXContainerItemProxy */ = {
			isa = PBXContainerItemProxy;
			containerPortal = 8864E4ED28D4D53900D7C7EF /* Project object */;
			proxyType = 1;
			remoteGlobalIDString = 8864E4F428D4D53900D7C7EF;
			remoteInfo = Flix;
		};
/* End PBXContainerItemProxy section */

/* Begin PBXFileReference section */
		8864E4F528D4D53900D7C7EF /* Flix.app */ = {isa = PBXFileReference; explicitFileType = wrapper.application; includeInIndex = 0; path = Flix.app; sourceTree = BUILT_PRODUCTS_DIR; };
		8864E4F828D4D53900D7C7EF /* AppDelegate.swift */ = {isa = PBXFileReference; lastKnownFileType = sourcecode.swift; path = AppDelegate.swift; sourceTree = "<group>"; };
		8864E4FA28D4D53900D7C7EF /* SceneDelegate.swift */ = {isa = PBXFileReference; lastKnownFileType = sourcecode.swift; path = SceneDelegate.swift; sourceTree = "<group>"; };
		8864E4FC28D4D53900D7C7EF /* ViewController.swift */ = {isa = PBXFileReference; lastKnownFileType = sourcecode.swift; path = ViewController.swift; sourceTree = "<group>"; };
		8864E4FF28D4D53900D7C7EF /* Base */ = {isa = PBXFileReference; lastKnownFileType = file.storyboard; name = Base; path = Base.lproj/Main.storyboard; sourceTree = "<group>"; };
		8864E50128D4D53900D7C7EF /* Assets.xcassets */ = {isa = PBXFileReference; lastKnownFileType = folder.assetcatalog; path = Assets.xcassets; sourceTree = "<group>"; };
		8864E50428D4D53900D7C7EF /* Base */ = {isa = PBXFileReference; lastKnownFileType = file.storyboard; name = Base; path = Base.lproj/LaunchScreen.storyboard; sourceTree = "<group>"; };
		8864E50628D4D53900D7C7EF /* Info.plist */ = {isa = PBXFileReference; lastKnownFileType = text.plist.xml; path = Info.plist; sourceTree = "<group>"; };
		8864E50B28D4D53900D7C7EF /* FlixTests.xctest */ = {isa = PBXFileReference; explicitFileType = wrapper.cfbundle; includeInIndex = 0; path = FlixTests.xctest; sourceTree = BUILT_PRODUCTS_DIR; };
		8864E50F28D4D53900D7C7EF /* FlixTests.swift */ = {isa = PBXFileReference; lastKnownFileType = sourcecode.swift; path = FlixTests.swift; sourceTree = "<group>"; };
		8864E51528D4D53900D7C7EF /* FlixUITests.xctest */ = {isa = PBXFileReference; explicitFileType = wrapper.cfbundle; includeInIndex = 0; path = FlixUITests.xctest; sourceTree = BUILT_PRODUCTS_DIR; };
		8864E51928D4D53900D7C7EF /* FlixUITests.swift */ = {isa = PBXFileReference; lastKnownFileType = sourcecode.swift; path = FlixUITests.swift; sourceTree = "<group>"; };
		8864E51B28D4D53900D7C7EF /* FlixUITestsLaunchTests.swift */ = {isa = PBXFileReference; lastKnownFileType = sourcecode.swift; path = FlixUITestsLaunchTests.swift; sourceTree = "<group>"; };
/* End PBXFileReference section */

/* Begin PBXFrameworksBuildPhase section */
		8864E4F228D4D53900D7C7EF /* Frameworks */ = {
			isa = PBXFrameworksBuildPhase;
			buildActionMask = 2147483647;
			files = (
			);
			runOnlyForDeploymentPostprocessing = 0;
		};
		8864E50828D4D53900D7C7EF /* Frameworks */ = {
			isa = PBXFrameworksBuildPhase;
			buildActionMask = 2147483647;
			files = (
			);
			runOnlyForDeploymentPostprocessing = 0;
		};
		8864E51228D4D53900D7C7EF /* Frameworks */ = {
			isa = PBXFrameworksBuildPhase;
			buildActionMask = 2147483647;
			files = (
			);
			runOnlyForDeploymentPostprocessing = 0;
		};
/* End PBXFrameworksBuildPhase section */

/* Begin PBXGroup section */
		8864E4EC28D4D53900D7C7EF = {
			isa = PBXGroup;
			children = (
				8864E4F728D4D53900D7C7EF /* Flix */,
				8864E50E28D4D53900D7C7EF /* FlixTests */,
				8864E51828D4D53900D7C7EF /* FlixUITests */,
				8864E4F628D4D53900D7C7EF /* Products */,
			);
			sourceTree = "<group>";
		};
		8864E4F628D4D53900D7C7EF /* Products */ = {
			isa = PBXGroup;
			children = (
				8864E4F528D4D53900D7C7EF /* Flix.app */,
				8864E50B28D4D53900D7C7EF /* FlixTests.xctest */,
				8864E51528D4D53900D7C7EF /* FlixUITests.xctest */,
			);
			name = Products;
			sourceTree = "<group>";
		};
		8864E4F728D4D53900D7C7EF /* Flix */ = {
			isa = PBXGroup;
			children = (
				8864E4F828D4D53900D7C7EF /* AppDelegate.swift */,
				8864E4FA28D4D53900D7C7EF /* SceneDelegate.swift */,
				8864E4FC28D4D53900D7C7EF /* ViewController.swift */,
				8864E4FE28D4D53900D7C7EF /* Main.storyboard */,
				8864E50128D4D53900D7C7EF /* Assets.xcassets */,
				8864E50328D4D53900D7C7EF /* LaunchScreen.storyboard */,
				8864E50628D4D53900D7C7EF /* Info.plist */,
			);
			path = Flix;
			sourceTree = "<group>";
		};
		8864E50E28D4D53900D7C7EF /* FlixTests */ = {
			isa = PBXGroup;
			children = (
				8864E50F28D4D53900D7C7EF /* FlixTests.swift */,
			);
			path = FlixTests;
			sourceTree = "<group>";
		};
		8864E51828D4D53900D7C7EF /* FlixUITests */ = {
			isa = PBXGroup;
			children = (
				8864E51928D4D53900D7C7EF /* FlixUITests.swift */,
				8864E51B28D4D53900D7C7EF /* FlixUITestsLaunchTests.swift */,
			);
			path = FlixUITests;
			sourceTree = "<group>";
		};
/* End PBXGroup section */

/* Begin PBXNativeTarget section */
		8864E4F428D4D53900D7C7EF /* Flix */ = {
			isa = PBXNativeTarget;
			buildConfigurationList = 8864E51F28D4D53900D7C7EF /* Build configuration list for PBXNativeTarget "Flix" */;
			buildPhases = (
				8864E4F128D4D53900D7C7EF /* Sources */,
				8864E4F228D4D53900D7C7EF /* Frameworks */,
				8864E4F328D4D53900D7C7EF /* Resources */,
			);
			buildRules = (
			);
			dependencies = (
			);
			name = Flix;
			productName = Flix;
			productReference = 8864E4F528D4D53900D7C7EF /* Flix.app */;
			productType = "com.apple.product-type.application";
		};
		8864E50A28D4D53900D7C7EF /* FlixTests */ = {
			isa = PBXNativeTarget;
			buildConfigurationList = 8864E52228D4D53900D7C7EF /* Build configuration list for PBXNativeTarget "FlixTests" */;
			buildPhases = (
				8864E50728D4D53900D7C7EF /* Sources */,
				8864E50828D4D53900D7C7EF /* Frameworks */,
				8864E50928D4D53900D7C7EF /* Resources */,
			);
			buildRules = (
			);
			dependencies = (
				8864E50D28D4D53900D7C7EF /* PBXTargetDependency */,
			);
			name = FlixTests;
			productName = FlixTests;
			productReference = 8864E50B28D4D53900D7C7EF /* FlixTests.xctest */;
			productType = "com.apple.product-type.bundle.unit-test";
		};
		8864E51428D4D53900D7C7EF /* FlixUITests */ = {
			isa = PBXNativeTarget;
			buildConfigurationList = 8864E52528D4D53900D7C7EF /* Build configuration list for PBXNativeTarget "FlixUITests" */;
			buildPhases = (
				8864E51128D4D53900D7C7EF /* Sources */,
				8864E51228D4D53900D7C7EF /* Frameworks */,
				8864E51328D4D53900D7C7EF /* Resources */,
			);
			buildRules = (
			);
			dependencies = (
				8864E51728D4D53900D7C7EF /* PBXTargetDependency */,
			);
			name = FlixUITests;
			productName = FlixUITests;
			productReference = 8864E51528D4D53900D7C7EF /* FlixUITests.xctest */;
			productType = "com.apple.product-type.bundle.ui-testing";
		};
/* End PBXNativeTarget section */

/* Begin PBXProject section */
		8864E4ED28D4D53900D7C7EF /* Project object */ = {
			isa = PBXProject;
			attributes = {
				BuildIndependentTargetsInParallel = 1;
				LastSwiftUpdateCheck = 1400;
				LastUpgradeCheck = 1400;
				TargetAttributes = {
					8864E4F428D4D53900D7C7EF = {
						CreatedOnToolsVersion = 14.0;
					};
					8864E50A28D4D53900D7C7EF = {
						CreatedOnToolsVersion = 14.0;
						TestTargetID = 8864E4F428D4D53900D7C7EF;
					};
					8864E51428D4D53900D7C7EF = {
						CreatedOnToolsVersion = 14.0;
						TestTargetID = 8864E4F428D4D53900D7C7EF;
					};
				};
			};
			buildConfigurationList = 8864E4F028D4D53900D7C7EF /* Build configuration list for PBXProject "Flix" */;
			compatibilityVersion = "Xcode 14.0";
			developmentRegion = en;
			hasScannedForEncodings = 0;
			knownRegions = (
				en,
				Base,
			);
			mainGroup = 8864E4EC28D4D53900D7C7EF;
			productRefGroup = 8864E4F628D4D53900D7C7EF /* Products */;
			projectDirPath = "";
			projectRoot = "";
			targets = (
				8864E4F428D4D53900D7C7EF /* Flix */,
				8864E50A28D4D53900D7C7EF /* FlixTests */,
				8864E51428D4D53900D7C7EF /* FlixUITests */,
			);
		};
/* End PBXProject section */

/* Begin PBXResourcesBuildPhase section */
		8864E4F328D4D53900D7C7EF /* Resources */ = {
			isa = PBXResourcesBuildPhase;
			buildActionMask = 2147483647;
			files = (
				8864E50528D4D53900D7C7EF /* LaunchScreen.storyboard in Resources */,
				8864E50228D4D53900D7C7EF /* Assets.xcassets in Resources */,
				8864E50028D4D53900D7C7EF /* Main.storyboard in Resources */,
			);
			runOnlyForDeploymentPostprocessing = 0;
		};
		8864E50928D4D53900D7C7EF /* Resources */ = {
			isa = PBXResourcesBuildPhase;
			buildActionMask = 2147483647;
			files = (
			);
			runOnlyForDeploymentPostprocessing = 0;
		};
		8864E51328D4D53900D7C7EF /* Resources */ = {
			isa = PBXResourcesBuildPhase;
			buildActionMask = 2147483647;
			files = (
			);
			runOnlyForDeploymentPostprocessing = 0;
		};
/* End PBXResourcesBuildPhase section */

/* Begin PBXSourcesBuildPhase section */
		8864E4F128D4D53900D7C7EF /* Sources */ = {
			isa = PBXSourcesBuildPhase;
			buildActionMask = 2147483647;
			files = (
				8864E4FD28D4D53900D7C7EF /* ViewController.swift in Sources */,
				8864E4F928D4D53900D7C7EF /* AppDelegate.swift in Sources */,
				8864E4FB28D4D53900D7C7EF /* SceneDelegate.swift in Sources */,
			);
			runOnlyForDeploymentPostprocessing = 0;
		};
		8864E50728D4D53900D7C7EF /* Sources */ = {
			isa = PBXSourcesBuildPhase;
			buildActionMask = 2147483647;
			files = (
				8864E51028D4D53900D7C7EF /* FlixTests.swift in Sources */,
			);
			runOnlyForDeploymentPostprocessing = 0;
		};
		8864E51128D4D53900D7C7EF /* Sources */ = {
			isa = PBXSourcesBuildPhase;
			buildActionMask = 2147483647;
			files = (
				8864E51A28D4D53900D7C7EF /* FlixUITests.swift in Sources */,
				8864E51C28D4D53900D7C7EF /* FlixUITestsLaunchTests.swift in Sources */,
			);
			runOnlyForDeploymentPostprocessing = 0;
		};
/* End PBXSourcesBuildPhase section */

/* Begin PBXTargetDependency section */
		8864E50D28D4D53900D7C7EF /* PBXTargetDependency */ = {
			isa = PBXTargetDependency;
			target = 8864E4F428D4D53900D7C7EF /* Flix */;
			targetProxy = 8864E50C28D4D53900D7C7EF /* PBXContainerItemProxy */;
		};
		8864E51728D4D53900D7C7EF /* PBXTargetDependency */ = {
			isa = PBXTargetDependency;
			target = 8864E4F428D4D53900D7C7EF /* Flix */;
			targetProxy = 8864E51628D4D53900D7C7EF /* PBXContainerItemProxy */;
		};
/* End PBXTargetDependency section */

/* Begin PBXVariantGroup section */
		8864E4FE28D4D53900D7C7EF /* Main.storyboard */ = {
			isa = PBXVariantGroup;
			children = (
				8864E4FF28D4D53900D7C7EF /* Base */,
			);
			name = Main.storyboard;
			sourceTree = "<group>";
		};
		8864E50328D4D53900D7C7EF /* LaunchScreen.storyboard */ = {
			isa = PBXVariantGroup;
			children = (
				8864E50428D4D53900D7C7EF /* Base */,
			);
			name = LaunchScreen.storyboard;
			sourceTree = "<group>";
		};
/* End PBXVariantGroup section */

/* Begin XCBuildConfiguration section */
		8864E51D28D4D53900D7C7EF /* Debug */ = {
			isa = XCBuildConfiguration;
			buildSettings = {
				ALWAYS_SEARCH_USER_PATHS = NO;
				CLANG_ANALYZER_NONNULL = YES;
				CLANG_ANALYZER_NUMBER_OBJECT_CONVERSION = YES_AGGRESSIVE;
				CLANG_CXX_LANGUAGE_STANDARD = "gnu++20";
				CLANG_ENABLE_MODULES = YES;
				CLANG_ENABLE_OBJC_ARC = YES;
				CLANG_ENABLE_OBJC_WEAK = YES;
				CLANG_WARN_BLOCK_CAPTURE_AUTORELEASING = YES;
				CLANG_WARN_BOOL_CONVERSION = YES;
				CLANG_WARN_COMMA = YES;
				CLANG_WARN_CONSTANT_CONVERSION = YES;
				CLANG_WARN_DEPRECATED_OBJC_IMPLEMENTATIONS = YES;
				CLANG_WARN_DIRECT_OBJC_ISA_USAGE = YES_ERROR;
				CLANG_WARN_DOCUMENTATION_COMMENTS = YES;
				CLANG_WARN_EMPTY_BODY = YES;
				CLANG_WARN_ENUM_CONVERSION = YES;
				CLANG_WARN_INFINITE_RECURSION = YES;
				CLANG_WARN_INT_CONVERSION = YES;
				CLANG_WARN_NON_LITERAL_NULL_CONVERSION = YES;
				CLANG_WARN_OBJC_IMPLICIT_RETAIN_SELF = YES;
				CLANG_WARN_OBJC_LITERAL_CONVERSION = YES;
				CLANG_WARN_OBJC_ROOT_CLASS = YES_ERROR;
				CLANG_WARN_QUOTED_INCLUDE_IN_FRAMEWORK_HEADER = YES;
				CLANG_WARN_RANGE_LOOP_ANALYSIS = YES;
				CLANG_WARN_STRICT_PROTOTYPES = YES;
				CLANG_WARN_SUSPICIOUS_MOVE = YES;
				CLANG_WARN_UNGUARDED_AVAILABILITY = YES_AGGRESSIVE;
				CLANG_WARN_UNREACHABLE_CODE = YES;
				CLANG_WARN__DUPLICATE_METHOD_MATCH = YES;
				COPY_PHASE_STRIP = NO;
				DEBUG_INFORMATION_FORMAT = dwarf;
				ENABLE_STRICT_OBJC_MSGSEND = YES;
				ENABLE_TESTABILITY = YES;
				GCC_C_LANGUAGE_STANDARD = gnu11;
				GCC_DYNAMIC_NO_PIC = NO;
				GCC_NO_COMMON_BLOCKS = YES;
				GCC_OPTIMIZATION_LEVEL = 0;
				GCC_PREPROCESSOR_DEFINITIONS = (
					"DEBUG=1",
					"$(inherited)",
				);
				GCC_WARN_64_TO_32_BIT_CONVERSION = YES;
				GCC_WARN_ABOUT_RETURN_TYPE = YES_ERROR;
				GCC_WARN_UNDECLARED_SELECTOR = YES;
				GCC_WARN_UNINITIALIZED_AUTOS = YES_AGGRESSIVE;
				GCC_WARN_UNUSED_FUNCTION = YES;
				GCC_WARN_UNUSED_VARIABLE = YES;
				IPHONEOS_DEPLOYMENT_TARGET = 16.0;
				MTL_ENABLE_DEBUG_INFO = INCLUDE_SOURCE;
				MTL_FAST_MATH = YES;
				ONLY_ACTIVE_ARCH = YES;
				SDKROOT = iphoneos;
				SWIFT_ACTIVE_COMPILATION_CONDITIONS = DEBUG;
				SWIFT_OPTIMIZATION_LEVEL = "-Onone";
			};
			name = Debug;
		};
		8864E51E28D4D53900D7C7EF /* Release */ = {
			isa = XCBuildConfiguration;
			buildSettings = {
				ALWAYS_SEARCH_USER_PATHS = NO;
				CLANG_ANALYZER_NONNULL = YES;
				CLANG_ANALYZER_NUMBER_OBJECT_CONVERSION = YES_AGGRESSIVE;
				CLANG_CXX_LANGUAGE_STANDARD = "gnu++20";
				CLANG_ENABLE_MODULES = YES;
				CLANG_ENABLE_OBJC_ARC = YES;
				CLANG_ENABLE_OBJC_WEAK = YES;
				CLANG_WARN_BLOCK_CAPTURE_AUTORELEASING = YES;
				CLANG_WARN_BOOL_CONVERSION = YES;
				CLANG_WARN_COMMA = YES;
				CLANG_WARN_CONSTANT_CONVERSION = YES;
				CLANG_WARN_DEPRECATED_OBJC_IMPLEMENTATIONS = YES;
				CLANG_WARN_DIRECT_OBJC_ISA_USAGE = YES_ERROR;
				CLANG_WARN_DOCUMENTATION_COMMENTS = YES;
				CLANG_WARN_EMPTY_BODY = YES;
				CLANG_WARN_ENUM_CONVERSION = YES;
				CLANG_WARN_INFINITE_RECURSION = YES;
				CLANG_WARN_INT_CONVERSION = YES;
				CLANG_WARN_NON_LITERAL_NULL_CONVERSION = YES;
				CLANG_WARN_OBJC_IMPLICIT_RETAIN_SELF = YES;
				CLANG_WARN_OBJC_LITERAL_CONVERSION = YES;
				CLANG_WARN_OBJC_ROOT_CLASS = YES_ERROR;
				CLANG_WARN_QUOTED_INCLUDE_IN_FRAMEWORK_HEADER = YES;
				CLANG_WARN_RANGE_LOOP_ANALYSIS = YES;
				CLANG_WARN_STRICT_PROTOTYPES = YES;
				CLANG_WARN_SUSPICIOUS_MOVE = YES;
				CLANG_WARN_UNGUARDED_AVAILABILITY = YES_AGGRESSIVE;
				CLANG_WARN_UNREACHABLE_CODE = YES;
				CLANG_WARN__DUPLICATE_METHOD_MATCH = YES;
				COPY_PHASE_STRIP = NO;
				DEBUG_INFORMATION_FORMAT = "dwarf-with-dsym";
				ENABLE_NS_ASSERTIONS = NO;
				ENABLE_STRICT_OBJC_MSGSEND = YES;
				GCC_C_LANGUAGE_STANDARD = gnu11;
				GCC_NO_COMMON_BLOCKS = YES;
				GCC_WARN_64_TO_32_BIT_CONVERSION = YES;
				GCC_WARN_ABOUT_RETURN_TYPE = YES_ERROR;
				GCC_WARN_UNDECLARED_SELECTOR = YES;
				GCC_WARN_UNINITIALIZED_AUTOS = YES_AGGRESSIVE;
				GCC_WARN_UNUSED_FUNCTION = YES;
				GCC_WARN_UNUSED_VARIABLE = YES;
				IPHONEOS_DEPLOYMENT_TARGET = 16.0;
				MTL_ENABLE_DEBUG_INFO = NO;
				MTL_FAST_MATH = YES;
				SDKROOT = iphoneos;
				SWIFT_COMPILATION_MODE = wholemodule;
				SWIFT_OPTIMIZATION_LEVEL = "-O";
				VALIDATE_PRODUCT = YES;
			};
			name = Release;
		};
		8864E52028D4D53900D7C7EF /* Debug */ = {
			isa = XCBuildConfiguration;
			buildSettings = {
				ASSETCATALOG_COMPILER_APPICON_NAME = AppIcon;
				ASSETCATALOG_COMPILER_GLOBAL_ACCENT_COLOR_NAME = AccentColor;
				CODE_SIGN_STYLE = Automatic;
				CURRENT_PROJECT_VERSION = 1;
				GENERATE_INFOPLIST_FILE = YES;
				INFOPLIST_FILE = Flix/Info.plist;
				INFOPLIST_KEY_UIApplicationSupportsIndirectInputEvents = YES;
				INFOPLIST_KEY_UILaunchStoryboardName = LaunchScreen;
				INFOPLIST_KEY_UIMainStoryboardFile = Main;
				INFOPLIST_KEY_UISupportedInterfaceOrientations_iPad = "UIInterfaceOrientationPortrait UIInterfaceOrientationPortraitUpsideDown UIInterfaceOrientationLandscapeLeft UIInterfaceOrientationLandscapeRight";
				INFOPLIST_KEY_UISupportedInterfaceOrientations_iPhone = "UIInterfaceOrientationPortrait UIInterfaceOrientationLandscapeLeft UIInterfaceOrientationLandscapeRight";
				LD_RUNPATH_SEARCH_PATHS = (
					"$(inherited)",
					"@executable_path/Frameworks",
				);
				MARKETING_VERSION = 1.0;
				PRODUCT_BUNDLE_IDENTIFIER = com.a1.Flix;
				PRODUCT_NAME = "$(TARGET_NAME)";
				SWIFT_EMIT_LOC_STRINGS = YES;
				SWIFT_VERSION = 5.0;
				TARGETED_DEVICE_FAMILY = "1,2";
			};
			name = Debug;
		};
		8864E52128D4D53900D7C7EF /* Release */ = {
			isa = XCBuildConfiguration;
			buildSettings = {
				ASSETCATALOG_COMPILER_APPICON_NAME = AppIcon;
				ASSETCATALOG_COMPILER_GLOBAL_ACCENT_COLOR_NAME = AccentColor;
				CODE_SIGN_STYLE = Automatic;
				CURRENT_PROJECT_VERSION = 1;
				GENERATE_INFOPLIST_FILE = YES;
				INFOPLIST_FILE = Flix/Info.plist;
				INFOPLIST_KEY_UIApplicationSupportsIndirectInputEvents = YES;
				INFOPLIST_KEY_UILaunchStoryboardName = LaunchScreen;
				INFOPLIST_KEY_UIMainStoryboardFile = Main;
				INFOPLIST_KEY_UISupportedInterfaceOrientations_iPad = "UIInterfaceOrientationPortrait UIInterfaceOrientationPortraitUpsideDown UIInterfaceOrientationLandscapeLeft UIInterfaceOrientationLandscapeRight";
				INFOPLIST_KEY_UISupportedInterfaceOrientations_iPhone = "UIInterfaceOrientationPortrait UIInterfaceOrientationLandscapeLeft UIInterfaceOrientationLandscapeRight";
				LD_RUNPATH_SEARCH_PATHS = (
					"$(inherited)",
					"@executable_path/Frameworks",
				);
				MARKETING_VERSION = 1.0;
				PRODUCT_BUNDLE_IDENTIFIER = com.a1.Flix;
				PRODUCT_NAME = "$(TARGET_NAME)";
				SWIFT_EMIT_LOC_STRINGS = YES;
				SWIFT_VERSION = 5.0;
				TARGETED_DEVICE_FAMILY = "1,2";
			};
			name = Release;
		};
		8864E52328D4D53900D7C7EF /* Debug */ = {
			isa = XCBuildConfiguration;
			buildSettings = {
				ALWAYS_EMBED_SWIFT_STANDARD_LIBRARIES = YES;
				BUNDLE_LOADER = "$(TEST_HOST)";
				CODE_SIGN_STYLE = Automatic;
				CURRENT_PROJECT_VERSION = 1;
				GENERATE_INFOPLIST_FILE = YES;
				IPHONEOS_DEPLOYMENT_TARGET = 16.0;
				MARKETING_VERSION = 1.0;
				PRODUCT_BUNDLE_IDENTIFIER = com.a1.FlixTests;
				PRODUCT_NAME = "$(TARGET_NAME)";
				SWIFT_EMIT_LOC_STRINGS = NO;
				SWIFT_VERSION = 5.0;
				TARGETED_DEVICE_FAMILY = "1,2";
				TEST_HOST = "$(BUILT_PRODUCTS_DIR)/Flix.app/$(BUNDLE_EXECUTABLE_FOLDER_PATH)/Flix";
			};
			name = Debug;
		};
		8864E52428D4D53900D7C7EF /* Release */ = {
			isa = XCBuildConfiguration;
			buildSettings = {
				ALWAYS_EMBED_SWIFT_STANDARD_LIBRARIES = YES;
				BUNDLE_LOADER = "$(TEST_HOST)";
				CODE_SIGN_STYLE = Automatic;
				CURRENT_PROJECT_VERSION = 1;
				GENERATE_INFOPLIST_FILE = YES;
				IPHONEOS_DEPLOYMENT_TARGET = 16.0;
				MARKETING_VERSION = 1.0;
				PRODUCT_BUNDLE_IDENTIFIER = com.a1.FlixTests;
				PRODUCT_NAME = "$(TARGET_NAME)";
				SWIFT_EMIT_LOC_STRINGS = NO;
				SWIFT_VERSION = 5.0;
				TARGETED_DEVICE_FAMILY = "1,2";
				TEST_HOST = "$(BUILT_PRODUCTS_DIR)/Flix.app/$(BUNDLE_EXECUTABLE_FOLDER_PATH)/Flix";
			};
			name = Release;
		};
		8864E52628D4D53900D7C7EF /* Debug */ = {
			isa = XCBuildConfiguration;
			buildSettings = {
				ALWAYS_EMBED_SWIFT_STANDARD_LIBRARIES = YES;
				CODE_SIGN_STYLE = Automatic;
				CURRENT_PROJECT_VERSION = 1;
				GENERATE_INFOPLIST_FILE = YES;
				MARKETING_VERSION = 1.0;
				PRODUCT_BUNDLE_IDENTIFIER = com.a1.FlixUITests;
				PRODUCT_NAME = "$(TARGET_NAME)";
				SWIFT_EMIT_LOC_STRINGS = NO;
				SWIFT_VERSION = 5.0;
				TARGETED_DEVICE_FAMILY = "1,2";
				TEST_TARGET_NAME = Flix;
			};
			name = Debug;
		};
		8864E52728D4D53900D7C7EF /* Release */ = {
			isa = XCBuildConfiguration;
			buildSettings = {
				ALWAYS_EMBED_SWIFT_STANDARD_LIBRARIES = YES;
				CODE_SIGN_STYLE = Automatic;
				CURRENT_PROJECT_VERSION = 1;
				GENERATE_INFOPLIST_FILE = YES;
				MARKETING_VERSION = 1.0;
				PRODUCT_BUNDLE_IDENTIFIER = com.a1.FlixUITests;
				PRODUCT_NAME = "$(TARGET_NAME)";
				SWIFT_EMIT_LOC_STRINGS = NO;
				SWIFT_VERSION = 5.0;
				TARGETED_DEVICE_FAMILY = "1,2";
				TEST_TARGET_NAME = Flix;
			};
			name = Release;
		};
/* End XCBuildConfiguration section */

/* Begin XCConfigurationList section */
		8864E4F028D4D53900D7C7EF /* Build configuration list for PBXProject "Flix" */ = {
			isa = XCConfigurationList;
			buildConfigurations = (
				8864E51D28D4D53900D7C7EF /* Debug */,
				8864E51E28D4D53900D7C7EF /* Release */,
			);
			defaultConfigurationIsVisible = 0;
			defaultConfigurationName = Release;
		};
		8864E51F28D4D53900D7C7EF /* Build configuration list for PBXNativeTarget "Flix" */ = {
			isa = XCConfigurationList;
			buildConfigurations = (
				8864E52028D4D53900D7C7EF /* Debug */,
				8864E52128D4D53900D7C7EF /* Release */,
			);
			defaultConfigurationIsVisible = 0;
			defaultConfigurationName = Release;
		};
		8864E52228D4D53900D7C7EF /* Build configuration list for PBXNativeTarget "FlixTests" */ = {
			isa = XCConfigurationList;
			buildConfigurations = (
				8864E52328D4D53900D7C7EF /* Debug */,
				8864E52428D4D53900D7C7EF /* Release */,
			);
			defaultConfigurationIsVisible = 0;
			defaultConfigurationName = Release;
		};
		8864E52528D4D53900D7C7EF /* Build configuration list for PBXNativeTarget "FlixUITests" */ = {
			isa = XCConfigurationList;
			buildConfigurations = (
				8864E52628D4D53900D7C7EF /* Debug */,
				8864E52728D4D53900D7C7EF /* Release */,
			);
			defaultConfigurationIsVisible = 0;
			defaultConfigurationName = Release;
		};
/* End XCConfigurationList section */
	};
	rootObject = 8864E4ED28D4D53900D7C7EF /* Project object */;
}
